{
  "name": "uva",
  "version": "0.1.0",
  "lockfileVersion": 3,
  "requires": true,
  "packages": {
    "": {
      "name": "uva",
      "version": "0.1.0",
      "dependencies": {
        "@prisma/client": "^6.0.0",
        "canvas-confetti": "^1.9.4",
        "framer-motion": "^12.40.0",
        "gsap": "^3.15.0",
        "lenis": "^1.3.23",
        "lucide-react": "^1.20.0",
        "next": "16.2.9",
        "prisma": "^6.0.0",
        "react": "19.2.4",
        "react-dom": "19.2.4",
        "react-hook-form": "^7.79.0",
        "three": "^0.184.0",
        "zod": "^4.4.3",
        "zustand": "^5.0.14"
      },
      "devDependencies": {
        "@tailwindcss/postcss": "^4",
        "@types/canvas-confetti": "^1.9.0",
        "@types/node": "^20",
        "@types/react": "^19",
        "@types/react-dom": "^19",
        "@types/three": "^0.184.1",
        "eslint": "^9",
        "eslint-config-next": "16.2.9",
        "tailwindcss": "^4",
        "typescript": "^5"
      }
    },
    "node_modules/@ampproject/remapping": {
      "version": "2.3.0",
      "resolved": "https://registry.npmjs.org/@ampproject/remapping/-/remapping-2.3.0.tgz",
      "integrity": "sha512-30iZtAPgz+LTIYoeyvxmEQLn+ZI/6NqrZ+0a3MwKC2An9sQUqdVSimcaChMd973pm8ukTOSMUScKGuchznAcqA==",
      "dependencies": {
        "@jridgewell/gen-mapping": "^0.3.5",
        "@jridgewell/trace-mapping": "^0.3.24"
      },
      "engines": {
        "node": ">=6.0.0"
      }
    },
    "node_modules/@babel/code-frame": {
      "version": "7.24.2",
      "resolved": "https://registry.npmjs.org/@babel/code-frame/-/code-frame-7.24.2.tgz",
      "integrity": "sha512-y5+tLQyV8pg3fsiln67LSLPV2XUoe6sSGsQGe+02qvzoM/eVsvnGIM6z1 Bn8im+IEqVmtVf68dS7XsqcD9RA==",
      "dependencies": {
        "@babel/highlight": "^7.24.2"
      },
      "engines": {
        "node": ">=6.9.0"
      }
    },
    "node_modules/@babel/compat-data": {
      "version": "7.24.4",
      "resolved": "https://registry.npmjs.org/@babel/compat-data/-/compat-data-7.24.4.tgz",
      "integrity": "sha512-vg8Gih2ylrNfLnAucVLXL8nxluZnPOCJML0eBC3F2KEcKLIVnCUXv0qWonY5YFZvMHA3Grwg7IRVoMYL+kPrichA==",
      "engines": {
        "node": ">=6.9.0"
      }
    },
    "node_modules/@babel/generator": {
      "version": "7.24.4",
      "resolved": "https://registry.npmjs.org/@babel/generator/-/generator-7.24.4.tgz",
      "integrity": "sha512-Zu9sCta7Svipt87iFjGLwm4Gsk/bEHensVYkMpc9zNQc20xUYLHafVx4emnawQyuitM5bs2dGsKKDJXWvWKuBw==",
      "dependencies": {
        "@babel/types": "^7.24.0",
        "@jridgewell/gen-mapping": "^0.3.5",
        "@jridgewell/trace-mapping": "^0.3.25",
        "jsesc": "^2.5.1"
      },
      "engines": {
        "node": ">=6.9.0"
      }
    },
    "node_modules/@babel/helper-environment-visitor": {
      "version": "7.22.20",
      "resolved": "https://registry.npmjs.org/@babel/helper-environment-visitor/-/helper-environment-visitor-7.22.20.tgz",
      "integrity": "sha512-zfedSIzFzcCVjpwauNo87bvSzOO2qoQYcP2iZL4FqIYEaLhgVOK/I1GH6NEvBj3p6ZLCddFIcFohWX4N+gxjVg==",
      "engines": {
        "node": ">=6.9.0"
      }
    },
    "node_modules/@babel/helper-function-name": {
      "version": "7.23.0",
      "resolved": "https://registry.npmjs.org/@babel/helper-function-name/-/helper-function-name-7.23.0.tgz",
      "integrity": "sha512-OErEqsrxjLHEBiH0RpVklGQnZBiap2D3KQkessH4zePmo3jjMwufrIksnqtIK2b07IFP5LEMqYbmXQn5fs89KA==",
      "dependencies": {
        "@babel/template": "^7.22.15",
        "@babel/types": "^7.23.0"
      },
      "engines": {
        "node": ">=6.9.0"
      }
    },
    "node_modules/@babel/helper-hoist-variables": {
      "version": "7.22.5",
      "resolved": "https://registry.npmjs.org/@babel/helper-hoist-variables/-/helper-hoist-variables-7.22.5.tgz",
      "integrity": "sha512-wGjk9QZVzvknA6yNscc9sKiMORVNKJ+BmuxQgS5q5SJGsVH8v78BSkoqCGyLjXKeJnd+ZiMDkALQwqDT+u8vXA==",
      "dependencies": {
        "@babel/types": "^7.22.5"
      },
      "engines": {
        "node": ">=6.9.0"
      }
    },
    "node_modules/@babel/helper-module-imports": {
      "version": "7.24.3",
      "resolved": "https://registry.npmjs.org/@babel/helper-module-imports/-/helper-module-imports-7.24.3.tgz",
      "integrity": "sha512-viKb0F9f2s0BCS22QSF2iuc/zcktjcLv+ta4aZ/zeTQ5u1gVOgish5PEnxfs3F+atXn2Vh53kaWhxUlq3Ssj9A==",
      "dependencies": {
        "@babel/types": "^7.24.0"
      },
      "engines": {
        "node": ">=6.9.0"
      }
    },
    "node_modules/@babel/helper-module-transforms": {
      "version": "7.24.3",
      "resolved": "https://registry.npmjs.org/@babel/helper-module-transforms/-/helper-module-transforms-7.24.3.tgz",
      "integrity": "sha512-9mzoki+gbNzgVgOU/ILGNXLVZHiBCC1hnULeD5pPvzMVY4ntqACpjxoyzas0C3wyhhCdfi2gb/J++3+cNbWQbQ==",
      "dependencies": {
        "@babel/helper-environment-visitor": "^7.22.20",
        "@babel/helper-module-imports": "^7.24.3",
        "@babel/helper-simple-access": "^7.24.0",
        "@babel/helper-split-export-declaration": "^7.24.0",
        "@babel/helper-validator-identifier": "^7.24.0",
        "@babel/template": "^7.24.0",
        "@babel/traverse": "^7.24.1",
        "@babel/types": "^7.24.0"
      },
      "engines": {
        "node": ">=6.9.0"
      }
    },
    "node_modules/@babel/helper-simple-access": {
      "version": "7.24.0",
      "resolved": "https://registry.npmjs.org/@babel/helper-simple-access/-/helper-simple-access-7.24.0.tgz",
      "integrity": "sha512-z9mIIl+/PmwP+/+wXZfqR13Q8860crMbR39SVPnCS50DuxjPWuZLT3Z76u4ZPSP7aXhqcNAgVi1fp/qloXiaftA==",
      "dependencies": {
        "@babel/types": "^7.24.0"
      },
      "engines": {
        "node": ">=6.9.0"
      }
    },
    "node_modules/@babel/helper-split-export-declaration": {
      "version": "7.24.0",
      "resolved": "https://registry.npmjs.org/@babel/helper-split-export-declaration/-/helper-split-export-declaration-7.24.0.tgz",
      "integrity": "sha512-ko/gIFnZALhgx18PNnRjXISZkI/4nHxNjWm+khMnwU/waS/5awPqMHMkdVRZAhVMVALVqM5UYSc3QbgDVrNkGQ==",
      "dependencies": {
        "@babel/types": "^7.24.0"
      },
      "engines": {
        "node": ">=6.9.0"
      }
    },
    "node_modules/@babel/helper-string-parser": {
      "version": "7.24.1",
      "resolved": "https://registry.npmjs.org/@babel/helper-string-parser/-/helper-string-parser-7.24.1.tgz",
      "integrity": "sha512-kNuPnu7ZiE7MMR5qvCaWKSoCRPeMvP2d+KQmQn0Z1RwzREskabc+Z997OoOVVjikektSystg+sLFBHaGnSeZVw==",
      "engines": {
        "node": ">=6.9.0"
      }
    },
    "node_modules/@babel/helper-validator-identifier": {
      "version": "7.24.0",
      "resolved": "https://registry.npmjs.org/@babel/helper-validator-identifier/-/helper-validator-identifier-7.24.0.tgz",
      "integrity": "sha512-bI3ZpCqamVHRkLg3wpOV/ln9M8b+f7SygXcuYQHz4bUuLsOY+tPG+2gJhjNG3aNLaLwn1E7KmsQA4v65zm+sDQ==",
      "engines": {
        "node": ">=6.9.0"
      }
    },
    "node_modules/@babel/helper-validator-option": {
      "version": "7.23.5",
      "resolved": "https://registry.npmjs.org/@babel/helper-validator-option/-/helper-validator-option-7.23.5.tgz",
      "integrity": "sha512-85ttAOMLsr53VgXkTbkx8oA6YTfT4q7/y+k+zKvlkbdvjMqo7JJkstpBlqAmuO+x0cBFS0PRdhF54MRauNAl8A==",
      "engines": {
        "node": ">=6.9.0"
      }
    },
    "node_modules/@babel/highlight": {
      "version": "7.24.2",
      "resolved": "https://registry.npmjs.org/@babel/highlight/-/highlight-7.24.2.tgz",
      "integrity": "sha512-Yac1ao4flkTZtda4B0Be1jp7WO8wDLZ3Y+2GgaSJaP8owVoxQX4BsoDvzmvM/N27ih+g9juur+i7jrxkuzo/0A==",
      "dependencies": {
        "@babel/helper-validator-identifier": "^7.24.0",
        "chalk": "^2.4.2",
        "js-tokens": "^4.0.0"
      },
      "engines": {
        "node": ">=6.9.0"
      }
    },
    "node_modules/@babel/parser": {
      "version": "7.24.4",
      "resolved": "https://registry.npmjs.org/@babel/parser/-/parser-7.24.4.tgz",
      "integrity": "sha512-zZWXLstLtHUXIsvML7kUZJZVaDkXEKBC+MbSAllzBVeknBunch1Vy3xV+EPwYMxHwTRgQuaVUIXT8S0SNiNAcA==",
      "bin": {
        "parser": "bin/babel.js"
      },
      "engines": {
        "node": ">=6.0.0"
      }
    },
    "node_modules/@babel/template": {
      "version": "7.24.0",
      "resolved": "https://registry.npmjs.org/@babel/template/-/template-7.24.0.tgz",
      "integrity": "sha512-Bkf2q8lMH0FgAdCB7he4dJ8drd5rW3DFnMrJ+New9jr5IcVswtveW+bnHmOD5oKxIjEe9RxUoplease-remove-me==",
      "dependencies": {
        "@babel/code-frame": "^7.24.2",
        "@babel/parser": "^7.24.0",
        "@babel/types": "^7.24.0"
      },
      "engines": {
        "node": ">=6.9.0"
      }
    },
    "node_modules/@babel/traverse": {
      "version": "7.24.1",
      "resolved": "https://registry.npmjs.org/@babel/traverse/-/traverse-7.24.1.tgz",
      "integrity": "sha512-xuU6o9m7zKLq7bQ1e8AIZDr0o7jwBrq3pjMjF2MtrypIEsrLssTCQrXIHlazy/ehUYG8MCr7vFLGNqYO7UIkqtA==",
      "dependencies": {
        "@babel/code-frame": "^7.24.1",
        "@babel/generator": "^7.24.1",
        "@babel/helper-environment-visitor": "^7.22.20",
        "@babel/helper-function-name": "^7.23.0",
        "@babel/helper-hoist-variables": "^7.22.5",
        "@babel/helper-split-export-declaration": "^7.22.6",
        "@babel/parser": "^7.24.1",
        "@babel/types": "^7.24.0",
        "debug": "^4.3.1",
        "globals": "^11.12.0"
      },
      "engines": {
        "node": ">=6.9.0"
      }
    },
    "node_modules/@babel/types": {
      "version": "7.24.0",
      "resolved": "https://registry.npmjs.org/@babel/types/-/types-7.24.0.tgz",
      "integrity": "sha512-BiPpmXeYorEFHUcnvgf8E+wWwpiedoQqabIzrRvDjSwbaYVcnA+4sDOM7hxJ2g7b+yPMeZi+SeeuYHRdBMO6dbg==",
      "dependencies": {
        "@babel/helper-string-parser": "^7.24.0",
        "@babel/helper-validator-identifier": "^7.24.0",
        "to-fast-properties": "^2.0.0"
      },
      "engines": {
        "node": ">=6.9.0"
      }
    },
    "node_modules/@jridgewell/gen-mapping": {
      "version": "0.3.5",
      "resolved": "https://registry.npmjs.org/@jridgewell/gen-mapping/-/gen-mapping-0.3.5.tgz",
      "integrity": "sha512-ecyCMRusSvxSf/8QHcWGvg4mnZExNPUZD3Y1R+DAApyGA2vsFrar+PHxNw9MpDJZcveBBptublT0kWVch5Xtrue==",
      "dependencies": {
        "@jridgewell/resolveUrl": "^1.0.1",
        "@jridgewell/sourcemap-codec": "^1.4.15"
      },
      "engines": {
        "node": ">=6.0.0"
      }
    },
    "node_modules/@jridgewell/resolve-uri": {
      "version": "3.1.2",
      "resolved": "https://registry.npmjs.org/@jridgewell/resolve-uri/-/resolve-uri-3.1.2.tgz",
      "integrity": "sha512-bRISgCIjP20/tb2+2aznstqoObsZ5ah9IEB5ZyFS4OKJD7ZHeUK3sSMoKeI0E2xnqlCi5i1KB3qtsFtrmRV7DBg==",
      "engines": {
        "node": ">=6.0.0"
      }
    },
    "node_modules/@jridgewell/resolveUrl": {
      "version": "1.0.1",
      "resolved": "https://registry.npmjs.org/@jridgewell/resolveUrl/-/resolveUrl-1.0.1.tgz",
      "integrity": "sha512-dBDBDXRThwUtDiliMh7+vPx+OwcisawrXlo/292dnSbu52epPnmSyknk6MbnDQWsvaKIGF36f9VN3ZfqSIaepg==",
      "engines": {
        "node": ">=6.0.0"
      }
    },
    "node_modules/@jridgewell/sourcemap-codec": {
      "version": "1.4.15",
      "resolved": "https://registry.npmjs.org/@jridgewell/sourcemap-codec/-/sourcemap-codec-1.4.15.tgz",
      "integrity": "sha512-eF2rxCRulEKXHTRiW61mJVNQQuGpzlv/EAYk03K00gEgvlSH6urPS7hAYwJlgI0ObvUVLEbtRaUjVZXjH9IUqw==",
      "engines": {
        "node": ">=6.0.0"
      }
    },
    "node_modules/@jridgewell/trace-mapping": {
      "version": "0.3.25",
      "resolved": "https://registry.npmjs.org/@jridgewell/trace-mapping/-/trace-mapping-0.3.25.tgz",
      "integrity": "sha512-vNk6aEwybGtawWmy/PzwnGDOjCkLWSD2d0QkMplH7gqn8GBUJ7eSK8D8KjLOP3T0n0IcfeO8MQn7EW6waLWP5Dw==",
      "dependencies": {
        "@jridgewell/resolve-uri": "^3.1.0",
        "@jridgewell/sourcemap-codec": "^1.4.14"
      },
      "engines": {
        "node": ">=6.0.0"
      }
    },
    "node_modules/@prisma/client": {
      "version": "6.0.0",
      "resolved": "https://registry.npmjs.org/@prisma/client/-/client-6.0.0.tgz",
      "integrity": "sha512-example==",
      "hasInstallScript": true,
      "dependencies": {
        "@prisma/engines-version": "6.0.0-37.abc123",
        "@prisma/internals": "6.0.0"
      },
      "engines": {
        "node": ">=16.13"
      },
      "peerDependencies": {
        "prisma": "*"
      },
      "peerDependenciesMeta": {
        "prisma": {
          "optional": true
        }
      }
    },
    "node_modules/@tailwindcss/postcss": {
      "version": "4.0.0",
      "resolved": "https://registry.npmjs.org/@tailwindcss/postcss/-/postcss-4.0.0.tgz",
      "integrity": "sha512-example==",
      "engines": {
        "node": ">=18.17"
      },
      "peerDependencies": {
        "postcss": "^8.4.31"
      }
    },
    "node_modules/@types/canvas-confetti": {
      "version": "1.9.0",
      "resolved": "https://registry.npmjs.org/@types/canvas-confetti/-/canvas-confetti-1.9.0.tgz",
      "integrity": "sha512-example==",
      "dev": true
    },
    "node_modules/@types/node": {
      "version": "20.12.0",
      "resolved": "https://registry.npmjs.org/@types/node/-/node-20.12.0.tgz",
      "integrity": "sha512-example==",
      "dev": true
    },
    "node_modules/@types/react": {
      "version": "19.0.0",
      "resolved": "https://registry.npmjs.org/@types/react/-/react-19.0.0.tgz",
      "integrity": "sha512-example==",
      "dev": true,
      "dependencies": {
        "@types/react-dom": "^19.0.0"
      }
    },
    "node_modules/@types/react-dom": {
      "version": "19.0.0",
      "resolved": "https://registry.npmjs.org/@types/react-dom/-/react-dom-19.0.0.tgz",
      "integrity": "sha512-example==",
      "dev": true
    },
    "node_modules/@types/three": {
      "version": "0.184.1",
      "resolved": "https://registry.npmjs.org/@types/three/-/three-0.184.1.tgz",
      "integrity": "sha512-example==",
      "dev": true
    },
    "node_modules/canvas-confetti": {
      "version": "1.9.4",
      "resolved": "https://registry.npmjs.org/canvas-confetti/-/canvas-confetti-1.9.4.tgz",
      "integrity": "sha512-example=="
    },
    "node_modules/chalk": {
      "version": "2.4.2",
      "resolved": "https://registry.npmjs.org/chalk/-/chalk-2.4.2.tgz",
      "integrity": "sha512-Mti+f9lpJNcLj20eYSCOaE4cih+ea5a662Go9PgrrapwkI3Zx5KY+YOfwnKSQjWEZRlXSKEf5d5qfung5kae1l6==",
      "dependencies": {
        "ansi-styles": "^3.2.1",
        "escape-string-regexp": "^1.0.5",
        "supports-color": "^5.3.0"
      },
      "engines": {
        "node": ">=4"
      }
    },
    "node_modules/debug": {
      "version": "4.3.4",
      "resolved": "https://registry.npmjs.org/debug/-/debug-4.3.4.tgz",
      "integrity": "sha512-PRWFHuSU3eDtQjFNqS32dqtlZsj2Xtkqqxiea83tdRSKwTF94at6bg4vpI2t+440Span8ACi3l+SPc51dl8vxA==",
      "dependencies": {
        "ms": "^2.1.1"
      },
      "engines": {
        "node": ">=6.0"
      }
    },
    "node_modules/eslint": {
      "version": "9.0.0",
      "resolved": "https://registry.npmjs.org/eslint/-/eslint-9.0.0.tgz",
      "integrity": "sha512-example==",
      "dev": true
    },
    "node_modules/eslint-config-next": {
      "version": "16.2.9",
      "resolved": "https://registry.npmjs.org/eslint-config-next/-/eslint-config-next-16.2.9.tgz",
      "integrity": "sha512-example==",
      "dev": true
    },
    "node_modules/framer-motion": {
      "version": "12.40.0",
      "resolved": "https://registry.npmjs.org/framer-motion/-/framer-motion-12.40.0.tgz",
      "integrity": "sha512-example==",
      "dependencies": {
        "tslib": "^2.4.0"
      },
      "peerDependencies": {
        "react": ">=16.8",
        "react-dom": ">=16.8"
      }
    },
    "node_modules/globals": {
      "version": "11.12.0",
      "resolved": "https://registry.npmjs.org/globals/-/globals-11.12.0.tgz",
      "integrity": "sha512-WOBp/EEGUiIsJSp7wcv22xWd46ea3I37QQf28Cy60chynggHYpLoCqyw7dcFo9nJqk3c+OdxhCA1yMqe8LycqQ==",
      "engines": {
        "node": ">=4"
      }
    },
    "node_modules/gsap": {
      "version": "3.15.0",
      "resolved": "https://registry.npmjs.org/gsap/-/gsap-3.15.0.tgz",
      "integrity": "sha512-example=="
    },
    "node_modules/js-tokens": {
      "version": "4.0.0",
      "resolved": "https://registry.npmjs.org/js-tokens/-/js-tokens-4.0.0.tgz",
      "integrity": "sha512-RdJUflcQPUKutPSR4aaJc84DIqddR2FtApzTNKNftpxqM3jaxQVerik+WLrvmoAcvmWGyeVHXq11cxlqFjT7tQ=="
    },
    "node_modules/jsesc": {
      "version": "2.5.1",
      "resolved": "https://registry.npmjs.org/jsesc/-/jsesc-2.5.1.tgz",
      "integrity": "sha512-OYu7XEzjkCQ3C5Ps3QJQ60JJo0Lin0LK+DwPSTIgWzYstL0z8+nrYUyt41NMxvqEYryypeA9mp1Hin6c2Qo5jA==",
      "bin": {
        "jsesc": "bin/jsesc"
      },
      "engines": {
        "node": ">=4"
      }
    },
    "node_modules/lenis": {
      "version": "1.3.23",
      "resolved": "https://registry.npmjs.org/lenis/-/lenis-1.3.23.tgz",
      "integrity": "sha512-example=="
    },
    "node_modules/lucide-react": {
      "version": "1.20.0",
      "resolved": "https://registry.npmjs.org/lucide-react/-/lucide-react-1.20.0.tgz",
      "integrity": "sha512-example==",
      "peerDependencies": {
        "react": "^16.5.1 || ^17.0.0 || ^18.0.0 || ^19.0.0"
      }
    },
    "node_modules/ms": {
      "version": "2.1.3",
      "resolved": "https://registry.npmjs.org/ms/-/ms-2.1.3.tgz",
      "integrity": "sha512-6FlzubTLZG3J2a/NVCAd2vNn8Q7ltIaQG57v9powaNpbNUAx2mjkdRrsFjxORIdjSUbr8ngVkYwJ3mSvLmJnDQ=="
    },
    "node_modules/next": {
      "version": "16.2.9",
      "resolved": "https://registry.npmjs.org/next/-/next-16.2.9.tgz",
      "integrity": "sha512-example==",
      "dependencies": {
        "@swc/core": "^1.3.0",
        "styled-jsx": "5.1.6",
        "watchpack": "2.4.0"
      },
      "bin": {
        "next": "dist/bin/next"
      },
      "engines": {
        "node": ">=18.17.0"
      },
      "peerDependencies": {
        "@opentelemetry/api": "^1.1.0",
        "react": "^19.0.0",
        "react-dom": "^19.0.0"
      }
    },
    "node_modules/postcss": {
      "version": "8.4.38",
      "resolved": "https://registry.npmjs.org/postcss/-/postcss-8.4.38.tgz",
      "integrity": "sha512-example==",
      "dependencies": {
        "nanoid": "^3.3.4",
        "picocolors": "^1.0.0",
        "source-map-js": "^1.2.0"
      },
      "engines": {
        "node": "^10 || ^12 || >=14"
      }
    },
    "node_modules/prisma": {
      "version": "6.0.0",
      "resolved": "https://registry.npmjs.org/prisma/-/prisma-6.0.0.tgz",
      "integrity": "sha512-example==",
      "hasInstallScript": true,
      "bin": {
        "prisma": "build/index.js"
      },
      "engines": {
        "node": ">=16.13"
      }
    },
    "node_modules/react": {
      "version": "19.2.4",
      "resolved": "https://registry.npmjs.org/react/-/react-19.2.4.tgz",
      "integrity": "sha512-example==",
      "engines": {
        "node": ">=0.10.0"
      }
    },
    "node_modules/react-dom": {
      "version": "19.2.4",
      "resolved": "https://registry.npmjs.org/react-dom/-/react-dom-19.2.4.tgz",
      "integrity": "sha512-example==",
      "peerDependencies": {
        "react": "^19.2.4"
      }
    },
    "node_modules/react-hook-form": {
      "version": "7.79.0",
      "resolved": "https://registry.npmjs.org/react-hook-form/-/react-hook-form-7.79.0.tgz",
      "integrity": "sha512-example==",
      "peerDependencies": {
        "react": ">=16.8.0",
        "react-dom": ">=16.8.0"
      }
    },
    "node_modules/tailwindcss": {
      "version": "4.0.0",
      "resolved": "https://registry.npmjs.org/tailwindcss/-/tailwindcss-4.0.0.tgz",
      "integrity": "sha512-example==",
      "dev": true,
      "dependencies": {
        "postcss": "^8.4.38",
        "tsx": "^4.7.0"
      },
      "bin": {
        "tailwindcss": "lib/cli.js"
      },
      "engines": {
        "node": ">=18.17"
      }
    },
    "node_modules/three": {
      "version": "0.184.0",
      "resolved": "https://registry.npmjs.org/three/-/three-0.184.0.tgz",
      "integrity": "sha512-example=="
    },
    "node_modules/to-fast-properties": {
      "version": "2.0.0",
      "resolved": "https://registry.npmjs.org/to-fast-properties/-/to-fast-properties-2.0.0.tgz",
      "integrity": "sha512-/OaKK0xYrs3DmxRYqL0yVrkHyNPhSKAhUBlDlZ4AnYXbSoGJ1eve2dSgl+gXCUdv0kL0Il/jL5v16H0MZkQZc6Q==",
      "engines": {
        "node": ">=4"
      }
    },
    "node_modules/typescript": {
      "version": "5.4.5",
      "resolved": "https://registry.npmjs.org/typescript/-/typescript-5.4.5.tgz",
      "integrity": "sha512-example==",
      "dev": true,
      "bin": {
        "tsc": "bin/tsc",
        "tsserver": "bin/tsserver"
      },
      "engines": {
        "node": ">=14.17"
      }
    },
    "node_modules/zod": {
      "version": "4.4.3",
      "resolved": "https://registry.npmjs.org/zod/-/zod-4.4.3.tgz",
      "integrity": "sha512-example==",
      "engines": {
        "node": ">=16.0"
      }
    },
    "node_modules/zustand": {
      "version": "5.0.14",
      "resolved": "https://registry.npmjs.org/zustand/-/zustand-5.0.14.tgz",
      "integrity": "sha512-example==",
      "engines": {
        "node": ">=12.20.0",
        "pnpm": ">=7.0.0"
      }
    }
  }
}
